
Microsoft Visual Studio Solution File, Format Version 12.00
# Visual Studio Version 17
VisualStudioVersion = 17.9.34622.214
MinimumVisualStudioVersion = 10.0.40219.1
Project("{FAE04EC0-301F-11D3-BF4B-00C04F79EFBC}") = "GestionaleCorriere", "GestionaleCorriere\GestionaleCorriere.csproj", "{44CCC892-AA38-49AC-BA28-F8C0ED1BA4FC}"
EndProject
Global
	GlobalSection(SolutionConfigurationPlatforms) = preSolution
		Debug|Any CPU = Debug|Any CPU
		Release|Any CPU = Release|Any CPU
	EndGlobalSection
	GlobalSection(ProjectConfigurationPlatforms) = postSolution
		{44CCC892-AA38-49AC-BA28-F8C0ED1BA4FC}.Debug|Any CPU.ActiveCfg = Debug|Any CPU
		{44CCC892-AA38-49AC-BA28-F8C0ED1BA4FC}.Debug|Any CPU.Build.0 = Debug|Any CPU
		{44CCC892-AA38-49AC-BA28-F8C0ED1BA4FC}.Release|Any CPU.ActiveCfg = Release|Any CPU
		{44CCC892-AA38-49AC-BA28-F8C0ED1BA4FC}.Release|Any CPU.Build.0 = Release|Any CPU
	EndGlobalSection
	GlobalSection(SolutionProperties) = preSolution
		HideSolutionNode = FALSE
	EndGlobalSection
	GlobalSection(ExtensibilityGlobals) = postSolution
		SolutionGuid = {E990ECDE-E4E8-4378-93CE-824705064ED8}
	EndGlobalSection
EndGlobal
